{
  "pins" : [
    {
      "identity" : "iossecuritysuite",
      "kind" : "remoteSourceControl",
      "location" : "https://github.com/securing/IOSSecuritySuite",
      "state" : {
        "revision" : "651f1ca002b1060214173e55b9040272ae91abcd",
        "version" : "1.9.11"
      }
    }
  ],
  "version" : 2
}
